# Auto-generated by `sextant rules add` / `update`. Do not edit by hand —
# this file's hashes gate vendor-pack integrity.

version = 1

[[packs]]
name = "typescript"
source = "file:./packs/typescript"
ref = ""
revision = ""
fetched_at = "2026-05-10T20:05:21Z"

[packs.files]
"README.md" = "sha256:65fbe45ff8d1077f90e427dc049527fedd41b999bb47d16cb4ee33496c17e8fa"
"pack.toml" = "sha256:4cc12ccb1b9dce75fc4017f906e88def4d269d6a08300b19ad99d227dc16e4ef"
"rules/no-ambient-module-shim.md" = "sha256:6f8e3779d009965bae5f901d939313984abc857ae1497eb429e91a11e8ecde7a"
"rules/no-any.md" = "sha256:7cca735ffd8cc92ce561a98d449723ab013b5d99f7a658fb1f3f5490b5264721"
"rules/no-as-cast.md" = "sha256:98ba8075f7c82af455ba648c84e5bac93f2efb631906793691ea2a9e07ee2f67"
"rules/no-branded-types.md" = "sha256:791d7201d092829f585372f7bce7dc97ca5cbe03de4174a6aeaf6d75bda6866e"
"rules/no-empty-interface.md" = "sha256:ab36dbf0ed76b766c61529ef380a1a61f5e18c339987b3a962ecfd341e532b33"
"rules/no-empty-object-type.md" = "sha256:61331bc485b7c6d1d34d4210edf06fc3dc1eff5df6698cbb0b196a5b3e3cc811"
"rules/no-empty-type-construction.md" = "sha256:8230557ab3f04fc64724d0979be203c97d10e1ef20f8d65e64d4b677fc661ba7"
"rules/no-eval.md" = "sha256:49b88d87ac89eadaa87c6e838458cdda76b6480648b652c41dcd85d08e870755"
"rules/no-function-type.md" = "sha256:8cd193f21e444df4fb1a1cb9f93275d8dd78777dad7243efde331d9e799f9a55"
"rules/no-implicit-any-field.md" = "sha256:c33d31a06d54024c3368e9fbdc81b71fffb81042af355610b9443801a69a5933"
"rules/no-jsdoc-types.md" = "sha256:05f3be587b4eb5fb44c6a9870a6bef44e0ea0d6b3ce1dbaa3d87ba993d0146ff"
"rules/no-never-annotation.md" = "sha256:3509a0b422b1dfa870f00a4b60012d85a17f8505d65642be1333efa69844b832"
"rules/no-non-null-assertion.md" = "sha256:248a37fa4a132c393f53faa5f13ff0c011e1244415016d2b5cbf1f8881ae23d6"
"rules/no-object-type.md" = "sha256:8f2dfec4bcaebaf53ac00ab68b713548713c17e7fe473e5744a6256a917a7460"
"rules/no-ts-ignore.md" = "sha256:42872bc828346cf165040ccf59740cab2942f1e30c04e93349678545ff46fe2b"
"rules/no-type-assertion.md" = "sha256:1cdef9480db2cf97f9b5a89850242a08266dcb0701aa102a740c655878eeb08d"
"rules/no-unknown.md" = "sha256:afca9df2048ee589eb178b5e3e83ae9c9f4b4d46e8faf4b002ed342703e0e62e"
"rules/no-var.md" = "sha256:6bd1e8ec86d8a78c361c43b747df1ead2d265b2d613996a289044b42408ab5c4"
"rules/prefer-inferred-types.md" = "sha256:5f0d79fecbf9525b799dc082618d9728f8324bd402a666460a2a19817c113cd4"
