# Auto-generated by `sextant rules add` / `update`. Do not edit by hand —
# this file's hashes gate vendor-pack integrity.

version = 1

[[packs]]
name = "typescript"
source = "file:./packs/typescript"
ref = ""
revision = ""
fetched_at = "2026-05-10T04:41:04Z"

[packs.files]
"README.md" = "sha256:2d27badc94f59efd3752b99a3745763c9de3509cdc41f76b3ff449e8def596fe"
"pack.toml" = "sha256:4cc12ccb1b9dce75fc4017f906e88def4d269d6a08300b19ad99d227dc16e4ef"
"rules/no-any.md" = "sha256:2cf24b9b3a7e1dd5d9f17bfe9aab6c4088ee11ce2a43b9f6b5d747fc10f14816"
"rules/no-as-cast.md" = "sha256:98ba8075f7c82af455ba648c84e5bac93f2efb631906793691ea2a9e07ee2f67"
"rules/no-empty-interface.md" = "sha256:7155a1cb053eb1d3de82ffe0c177bbccdd1966b57a722613dad885eceaf9ac8e"
"rules/no-eval.md" = "sha256:49b88d87ac89eadaa87c6e838458cdda76b6480648b652c41dcd85d08e870755"
"rules/no-function-type.md" = "sha256:20ec2cc9d1b8e95623a4b4444c0cde195e5ea6c94119e6305f1b7cce71ba7bd8"
"rules/no-non-null-assertion.md" = "sha256:248a37fa4a132c393f53faa5f13ff0c011e1244415016d2b5cbf1f8881ae23d6"
"rules/no-object-type.md" = "sha256:8f2dfec4bcaebaf53ac00ab68b713548713c17e7fe473e5744a6256a917a7460"
"rules/no-ts-ignore.md" = "sha256:8c1301b2975839e8ec0db096c6535f83a1150f6d95d6d246c69b620ffb952f80"
"rules/no-type-assertion.md" = "sha256:1cdef9480db2cf97f9b5a89850242a08266dcb0701aa102a740c655878eeb08d"
"rules/no-unknown.md" = "sha256:afca9df2048ee589eb178b5e3e83ae9c9f4b4d46e8faf4b002ed342703e0e62e"
"rules/no-var.md" = "sha256:6bd1e8ec86d8a78c361c43b747df1ead2d265b2d613996a289044b42408ab5c4"
"rules/prefer-inferred-types.md" = "sha256:5f0d79fecbf9525b799dc082618d9728f8324bd402a666460a2a19817c113cd4"
